
Microsoft Visual Studio Solution File, Format Version 12.00
# Visual Studio Version 16
VisualStudioVersion = 16.0.33130.400
MinimumVisualStudioVersion = 10.0.40219.1
Project("{FAE04EC0-301F-11D3-BF4B-00C04F79EFBC}") = "ConsoleApp8", "ConsoleApp8.csproj", "{2EBCA02E-42B9-41AA-9913-4AE5FB6C33F3}"
EndProject
Global
	GlobalSection(SolutionConfigurationPlatforms) = preSolution
		Debug|Any CPU = Debug|Any CPU
		Release|Any CPU = Release|Any CPU
	EndGlobalSection
	GlobalSection(ProjectConfigurationPlatforms) = postSolution
		{2EBCA02E-42B9-41AA-9913-4AE5FB6C33F3}.Debug|Any CPU.ActiveCfg = Debug|Any CPU
		{2EBCA02E-42B9-41AA-9913-4AE5FB6C33F3}.Debug|Any CPU.Build.0 = Debug|Any CPU
		{2EBCA02E-42B9-41AA-9913-4AE5FB6C33F3}.Release|Any CPU.ActiveCfg = Release|Any CPU
		{2EBCA02E-42B9-41AA-9913-4AE5FB6C33F3}.Release|Any CPU.Build.0 = Release|Any CPU
	EndGlobalSection
	GlobalSection(SolutionProperties) = preSolution
		HideSolutionNode = FALSE
	EndGlobalSection
	GlobalSection(ExtensibilityGlobals) = postSolution
		SolutionGuid = {D8347751-066A-4E1C-83F3-F3430D58AD8B}
	EndGlobalSection
EndGlobal
